
Microsoft Visual Studio Solution File, Format Version 12.00
# Visual Studio Version 17
VisualStudioVersion = 17.8.34322.80
MinimumVisualStudioVersion = 10.0.40219.1
Project("{9A19103F-16F7-4668-BE54-9A1E7A4F7556}") = "CarCatalog.Api", "CarCatalogWebApi\CarCatalog.Api.csproj", "{98ADB595-AF43-4171-9DEE-D7F973A1DA65}"
EndProject
Project("{9A19103F-16F7-4668-BE54-9A1E7A4F7556}") = "CarCatalog.Dal", "CarCatalog.Dal\CarCatalog.Dal.csproj", "{C134CD6F-4D3D-4813-B949-CD0535AD0DA4}"
EndProject
Project("{9A19103F-16F7-4668-BE54-9A1E7A4F7556}") = "CarCatalog.Bil", "CarCatalog.Bil\CarCatalog.Bil.csproj", "{39DDEE08-293D-454D-B13E-6AAC48764695}"
EndProject
Project("{9A19103F-16F7-4668-BE54-9A1E7A4F7556}") = "CarCatalog.Shared", "CarCatalog.Shared\CarCatalog.Shared.csproj", "{DE82B26B-77F3-4CF3-B8AF-D2BEE88F3BA2}"
EndProject
Project("{E53339B2-1760-4266-BCC7-CA923CBCF16C}") = "docker-compose", "docker-compose.dcproj", "{66C2D35D-EE59-4D1D-A2D3-BA0173D258D6}"
EndProject
Global
	GlobalSection(SolutionConfigurationPlatforms) = preSolution
		Debug|Any CPU = Debug|Any CPU
		Release|Any CPU = Release|Any CPU
	EndGlobalSection
	GlobalSection(ProjectConfigurationPlatforms) = postSolution
		{98ADB595-AF43-4171-9DEE-D7F973A1DA65}.Debug|Any CPU.ActiveCfg = Debug|Any CPU
		{98ADB595-AF43-4171-9DEE-D7F973A1DA65}.Debug|Any CPU.Build.0 = Debug|Any CPU
		{98ADB595-AF43-4171-9DEE-D7F973A1DA65}.Release|Any CPU.ActiveCfg = Release|Any CPU
		{98ADB595-AF43-4171-9DEE-D7F973A1DA65}.Release|Any CPU.Build.0 = Release|Any CPU
		{C134CD6F-4D3D-4813-B949-CD0535AD0DA4}.Debug|Any CPU.ActiveCfg = Debug|Any CPU
		{C134CD6F-4D3D-4813-B949-CD0535AD0DA4}.Debug|Any CPU.Build.0 = Debug|Any CPU
		{C134CD6F-4D3D-4813-B949-CD0535AD0DA4}.Release|Any CPU.ActiveCfg = Release|Any CPU
		{C134CD6F-4D3D-4813-B949-CD0535AD0DA4}.Release|Any CPU.Build.0 = Release|Any CPU
		{39DDEE08-293D-454D-B13E-6AAC48764695}.Debug|Any CPU.ActiveCfg = Debug|Any CPU
		{39DDEE08-293D-454D-B13E-6AAC48764695}.Debug|Any CPU.Build.0 = Debug|Any CPU
		{39DDEE08-293D-454D-B13E-6AAC48764695}.Release|Any CPU.ActiveCfg = Release|Any CPU
		{39DDEE08-293D-454D-B13E-6AAC48764695}.Release|Any CPU.Build.0 = Release|Any CPU
		{DE82B26B-77F3-4CF3-B8AF-D2BEE88F3BA2}.Debug|Any CPU.ActiveCfg = Debug|Any CPU
		{DE82B26B-77F3-4CF3-B8AF-D2BEE88F3BA2}.Debug|Any CPU.Build.0 = Debug|Any CPU
		{DE82B26B-77F3-4CF3-B8AF-D2BEE88F3BA2}.Release|Any CPU.ActiveCfg = Release|Any CPU
		{DE82B26B-77F3-4CF3-B8AF-D2BEE88F3BA2}.Release|Any CPU.Build.0 = Release|Any CPU
		{66C2D35D-EE59-4D1D-A2D3-BA0173D258D6}.Debug|Any CPU.ActiveCfg = Debug|Any CPU
		{66C2D35D-EE59-4D1D-A2D3-BA0173D258D6}.Debug|Any CPU.Build.0 = Debug|Any CPU
		{66C2D35D-EE59-4D1D-A2D3-BA0173D258D6}.Release|Any CPU.ActiveCfg = Release|Any CPU
		{66C2D35D-EE59-4D1D-A2D3-BA0173D258D6}.Release|Any CPU.Build.0 = Release|Any CPU
	EndGlobalSection
	GlobalSection(SolutionProperties) = preSolution
		HideSolutionNode = FALSE
	EndGlobalSection
	GlobalSection(ExtensibilityGlobals) = postSolution
		SolutionGuid = {A78349C2-7148-4629-8E0A-9C9020827857}
	EndGlobalSection
EndGlobal
